// !$*UTF8*$!
{
	archiveVersion = 1;
	classes = {
	};
	objectVersion = 50;
	objects = {

/* Begin PBXBuildFile section */
		B54B8B1120E9A4D900B06735 /* lego_core_impl.cpp in Sources */ = {isa = PBXBuildFile; fileRef = B54B8B0F20E9A4D900B06735 /* lego_core_impl.cpp */; };
		B54B8B1220E9A4D900B06735 /* network_callback_impl.cpp in Sources */ = {isa = PBXBuildFile; fileRef = B54B8B1020E9A4D900B06735 /* network_callback_impl.cpp */; };
		B54B8B1B20E9B8B200B06735 /* util.cpp in Sources */ = {isa = PBXBuildFile; fileRef = B54B8B1A20E9B8B200B06735 /* util.cpp */; };
		B5E153DD20E5E83B0025A759 /* AppDelegate.m in Sources */ = {isa = PBXBuildFile; fileRef = B5E153DC20E5E83B0025A759 /* AppDelegate.m */; };
		B5E153E020E5E83B0025A759 /* ViewController.m in Sources */ = {isa = PBXBuildFile; fileRef = B5E153DF20E5E83B0025A759 /* ViewController.m */; };
		B5E153E320E5E83B0025A759 /* Main.storyboard in Resources */ = {isa = PBXBuildFile; fileRef = B5E153E120E5E83B0025A759 /* Main.storyboard */; };
		B5E153E520E5E83D0025A759 /* Assets.xcassets in Resources */ = {isa = PBXBuildFile; fileRef = B5E153E420E5E83D0025A759 /* Assets.xcassets */; };
		B5E153E820E5E83D0025A759 /* LaunchScreen.storyboard in Resources */ = {isa = PBXBuildFile; fileRef = B5E153E620E5E83D0025A759 /* LaunchScreen.storyboard */; };
		B5E153EB20E5E83D0025A759 /* main.mm in Sources */ = {isa = PBXBuildFile; fileRef = B5E153EA20E5E83D0025A759 /* main.mm */; };
		B5E153FA20E5EB230025A759 /* DJIProxyCaches.mm in Sources */ = {isa = PBXBuildFile; fileRef = B5E153F520E5EB220025A759 /* DJIProxyCaches.mm */; };
		B5E153FB20E5EB230025A759 /* DJIError.mm in Sources */ = {isa = PBXBuildFile; fileRef = B5E153F620E5EB220025A759 /* DJIError.mm */; };
		B5E1541120E5EB550025A759 /* LGLegoPlatform+Private.mm in Sources */ = {isa = PBXBuildFile; fileRef = B5E153FE20E5EB540025A759 /* LGLegoPlatform+Private.mm */; };
		B5E1541220E5EB550025A759 /* LGPage.mm in Sources */ = {isa = PBXBuildFile; fileRef = B5E1540220E5EB540025A759 /* LGPage.mm */; };
		B5E1541320E5EB550025A759 /* LGQuestion.mm in Sources */ = {isa = PBXBuildFile; fileRef = B5E1540320E5EB540025A759 /* LGQuestion.mm */; };
		B5E1541420E5EB550025A759 /* LGLegoCore+Private.mm in Sources */ = {isa = PBXBuildFile; fileRef = B5E1540720E5EB540025A759 /* LGLegoCore+Private.mm */; };
		B5E1541520E5EB550025A759 /* LGTemplate+Private.mm in Sources */ = {isa = PBXBuildFile; fileRef = B5E1540920E5EB540025A759 /* LGTemplate+Private.mm */; };
		B5E1541620E5EB550025A759 /* LGPage+Private.mm in Sources */ = {isa = PBXBuildFile; fileRef = B5E1540B20E5EB550025A759 /* LGPage+Private.mm */; };
		B5E1541720E5EB550025A759 /* LGTemplate.mm in Sources */ = {isa = PBXBuildFile; fileRef = B5E1540C20E5EB550025A759 /* LGTemplate.mm */; };
		B5E1541820E5EB550025A759 /* LGNetworkCallback+Private.mm in Sources */ = {isa = PBXBuildFile; fileRef = B5E1540E20E5EB550025A759 /* LGNetworkCallback+Private.mm */; };
		B5E1541920E5EB550025A759 /* LGQuestion+Private.mm in Sources */ = {isa = PBXBuildFile; fileRef = B5E1540F20E5EB550025A759 /* LGQuestion+Private.mm */; };
		B5E1543120E5EF470025A759 /* LGLegoPlatformImpl.m in Sources */ = {isa = PBXBuildFile; fileRef = B5E1543020E5EF470025A759 /* LGLegoPlatformImpl.m */; };
		B5F532B220EDE47200AB6B53 /* lego.pb.cc in Sources */ = {isa = PBXBuildFile; fileRef = B5F532AE20EDE47200AB6B53 /* lego.pb.cc */; };
		B5F532B320EDE47200AB6B53 /* lego.grpc.pb.cc in Sources */ = {isa = PBXBuildFile; fileRef = B5F532AF20EDE47200AB6B53 /* lego.grpc.pb.cc */; };
		D434C176FD454F7A69EC1B78 /* libPods-lego.a in Frameworks */ = {isa = PBXBuildFile; fileRef = 717290BF3DBAAD3B8A500E5D /* libPods-lego.a */; };
/* End PBXBuildFile section */

/* Begin PBXFileReference section */
		0BB43923ACF91B12C5D6AE99 /* Pods-lego.release.xcconfig */ = {isa = PBXFileReference; includeInIndex = 1; lastKnownFileType = text.xcconfig; name = "Pods-lego.release.xcconfig"; path = "Pods/Target Support Files/Pods-lego/Pods-lego.release.xcconfig"; sourceTree = "<group>"; };
		717290BF3DBAAD3B8A500E5D /* libPods-lego.a */ = {isa = PBXFileReference; explicitFileType = archive.ar; includeInIndex = 0; path = "libPods-lego.a"; sourceTree = BUILT_PRODUCTS_DIR; };
		B11EB63DFF84CE9BF09B034A /* Pods-lego.debug.xcconfig */ = {isa = PBXFileReference; includeInIndex = 1; lastKnownFileType = text.xcconfig; name = "Pods-lego.debug.xcconfig"; path = "Pods/Target Support Files/Pods-lego/Pods-lego.debug.xcconfig"; sourceTree = "<group>"; };
		B54B8B0A20E9A18000B06735 /* flatbuffers.h */ = {isa = PBXFileReference; lastKnownFileType = sourcecode.c.h; name = flatbuffers.h; path = ../../../../../deps/flatbuffers/include/flatbuffers/flatbuffers.h; sourceTree = "<group>"; };
		B54B8B0B20E9A1C400B06735 /* util.h */ = {isa = PBXFileReference; lastKnownFileType = sourcecode.c.h; name = util.h; path = ../../../../../deps/flatbuffers/include/flatbuffers/util.h; sourceTree = "<group>"; };
		B54B8B0C20E9A1C500B06735 /* idl.h */ = {isa = PBXFileReference; lastKnownFileType = sourcecode.c.h; name = idl.h; path = ../../../../../deps/flatbuffers/include/flatbuffers/idl.h; sourceTree = "<group>"; };
		B54B8B0D20E9A4D800B06735 /* network_callback_impl.hpp */ = {isa = PBXFileReference; fileEncoding = 4; lastKnownFileType = sourcecode.cpp.h; name = network_callback_impl.hpp; path = ../../../../../core/network_callback_impl.hpp; sourceTree = "<group>"; };
		B54B8B0E20E9A4D800B06735 /* lego_core_impl.hpp */ = {isa = PBXFileReference; fileEncoding = 4; lastKnownFileType = sourcecode.cpp.h; name = lego_core_impl.hpp; path = ../../../../../core/lego_core_impl.hpp; sourceTree = "<group>"; };
		B54B8B0F20E9A4D900B06735 /* lego_core_impl.cpp */ = {isa = PBXFileReference; fileEncoding = 4; lastKnownFileType = sourcecode.cpp.cpp; name = lego_core_impl.cpp; path = ../../../../../core/lego_core_impl.cpp; sourceTree = "<group>"; };
		B54B8B1020E9A4D900B06735 /* network_callback_impl.cpp */ = {isa = PBXFileReference; fileEncoding = 4; lastKnownFileType = sourcecode.cpp.cpp; name = network_callback_impl.cpp; path = ../../../../../core/network_callback_impl.cpp; sourceTree = "<group>"; };
		B54B8B1320E9A50900B06735 /* template.hpp */ = {isa = PBXFileReference; lastKnownFileType = sourcecode.cpp.h; name = template.hpp; path = "../../../../../../generated-src/cpp/template.hpp"; sourceTree = "<group>"; };
		B54B8B1420E9A50900B06735 /* lego_platform.hpp */ = {isa = PBXFileReference; lastKnownFileType = sourcecode.cpp.h; name = lego_platform.hpp; path = "../../../../../../generated-src/cpp/lego_platform.hpp"; sourceTree = "<group>"; };
		B54B8B1520E9A50900B06735 /* question.hpp */ = {isa = PBXFileReference; lastKnownFileType = sourcecode.cpp.h; name = question.hpp; path = "../../../../../../generated-src/cpp/question.hpp"; sourceTree = "<group>"; };
		B54B8B1620E9A50900B06735 /* network_callback.hpp */ = {isa = PBXFileReference; lastKnownFileType = sourcecode.cpp.h; name = network_callback.hpp; path = "../../../../../../generated-src/cpp/network_callback.hpp"; sourceTree = "<group>"; };
		B54B8B1720E9A50900B06735 /* lego_core.hpp */ = {isa = PBXFileReference; lastKnownFileType = sourcecode.cpp.h; name = lego_core.hpp; path = "../../../../../../generated-src/cpp/lego_core.hpp"; sourceTree = "<group>"; };
		B54B8B1820E9A50900B06735 /* page.hpp */ = {isa = PBXFileReference; lastKnownFileType = sourcecode.cpp.h; name = page.hpp; path = "../../../../../../generated-src/cpp/page.hpp"; sourceTree = "<group>"; };
		B54B8B1920E9A66300B06735 /* lego_generated.h */ = {isa = PBXFileReference; lastKnownFileType = sourcecode.c.h; name = lego_generated.h; path = ../../../../../../lego_generated.h; sourceTree = "<group>"; };
		B54B8B1A20E9B8B200B06735 /* util.cpp */ = {isa = PBXFileReference; fileEncoding = 4; lastKnownFileType = sourcecode.cpp.cpp; name = util.cpp; path = ../../../../../deps/flatbuffers/src/util.cpp; sourceTree = "<group>"; };
		B5E153D820E5E83B0025A759 /* lego.app */ = {isa = PBXFileReference; explicitFileType = wrapper.application; includeInIndex = 0; path = lego.app; sourceTree = BUILT_PRODUCTS_DIR; };
		B5E153DB20E5E83B0025A759 /* AppDelegate.h */ = {isa = PBXFileReference; lastKnownFileType = sourcecode.c.h; path = AppDelegate.h; sourceTree = "<group>"; };
		B5E153DC20E5E83B0025A759 /* AppDelegate.m */ = {isa = PBXFileReference; lastKnownFileType = sourcecode.c.objc; path = AppDelegate.m; sourceTree = "<group>"; };
		B5E153DE20E5E83B0025A759 /* ViewController.h */ = {isa = PBXFileReference; lastKnownFileType = sourcecode.c.h; path = ViewController.h; sourceTree = "<group>"; };
		B5E153DF20E5E83B0025A759 /* ViewController.m */ = {isa = PBXFileReference; lastKnownFileType = sourcecode.c.objc; path = ViewController.m; sourceTree = "<group>"; };
		B5E153E220E5E83B0025A759 /* Base */ = {isa = PBXFileReference; lastKnownFileType = file.storyboard; name = Base; path = Base.lproj/Main.storyboard; sourceTree = "<group>"; };
		B5E153E420E5E83D0025A759 /* Assets.xcassets */ = {isa = PBXFileReference; lastKnownFileType = folder.assetcatalog; path = Assets.xcassets; sourceTree = "<group>"; };
		B5E153E720E5E83D0025A759 /* Base */ = {isa = PBXFileReference; lastKnownFileType = file.storyboard; name = Base; path = Base.lproj/LaunchScreen.storyboard; sourceTree = "<group>"; };
		B5E153E920E5E83D0025A759 /* Info.plist */ = {isa = PBXFileReference; lastKnownFileType = text.plist.xml; path = Info.plist; sourceTree = "<group>"; };
		B5E153EA20E5E83D0025A759 /* main.mm */ = {isa = PBXFileReference; lastKnownFileType = sourcecode.cpp.objcpp; path = main.mm; sourceTree = "<group>"; };
		B5E153F420E5EB220025A759 /* DJIMarshal+Private.h */ = {isa = PBXFileReference; fileEncoding = 4; lastKnownFileType = sourcecode.c.h; name = "DJIMarshal+Private.h"; path = "../../../../../deps/djinni/support-lib/objc/DJIMarshal+Private.h"; sourceTree = "<group>"; };
		B5E153F520E5EB220025A759 /* DJIProxyCaches.mm */ = {isa = PBXFileReference; fileEncoding = 4; lastKnownFileType = sourcecode.cpp.objcpp; name = DJIProxyCaches.mm; path = "../../../../../deps/djinni/support-lib/objc/DJIProxyCaches.mm"; sourceTree = "<group>"; };
		B5E153F620E5EB220025A759 /* DJIError.mm */ = {isa = PBXFileReference; fileEncoding = 4; lastKnownFileType = sourcecode.cpp.objcpp; name = DJIError.mm; path = "../../../../../deps/djinni/support-lib/objc/DJIError.mm"; sourceTree = "<group>"; };
		B5E153F720E5EB220025A759 /* DJIObjcWrapperCache+Private.h */ = {isa = PBXFileReference; fileEncoding = 4; lastKnownFileType = sourcecode.c.h; name = "DJIObjcWrapperCache+Private.h"; path = "../../../../../deps/djinni/support-lib/objc/DJIObjcWrapperCache+Private.h"; sourceTree = "<group>"; };
		B5E153F820E5EB220025A759 /* DJICppWrapperCache+Private.h */ = {isa = PBXFileReference; fileEncoding = 4; lastKnownFileType = sourcecode.c.h; name = "DJICppWrapperCache+Private.h"; path = "../../../../../deps/djinni/support-lib/objc/DJICppWrapperCache+Private.h"; sourceTree = "<group>"; };
		B5E153F920E5EB230025A759 /* DJIError.h */ = {isa = PBXFileReference; fileEncoding = 4; lastKnownFileType = sourcecode.c.h; name = DJIError.h; path = "../../../../../deps/djinni/support-lib/objc/DJIError.h"; sourceTree = "<group>"; };
		B5E153FC20E5EB540025A759 /* LGQuestion+Private.h */ = {isa = PBXFileReference; fileEncoding = 4; lastKnownFileType = sourcecode.c.h; name = "LGQuestion+Private.h"; path = "../../../../../generated-src/objc/LGQuestion+Private.h"; sourceTree = "<group>"; };
		B5E153FD20E5EB540025A759 /* LGNetworkCallback+Private.h */ = {isa = PBXFileReference; fileEncoding = 4; lastKnownFileType = sourcecode.c.h; name = "LGNetworkCallback+Private.h"; path = "../../../../../generated-src/objc/LGNetworkCallback+Private.h"; sourceTree = "<group>"; };
		B5E153FE20E5EB540025A759 /* LGLegoPlatform+Private.mm */ = {isa = PBXFileReference; fileEncoding = 4; lastKnownFileType = sourcecode.cpp.objcpp; name = "LGLegoPlatform+Private.mm"; path = "../../../../../generated-src/objc/LGLegoPlatform+Private.mm"; sourceTree = "<group>"; };
		B5E153FF20E5EB540025A759 /* LGPage.h */ = {isa = PBXFileReference; fileEncoding = 4; lastKnownFileType = sourcecode.c.h; name = LGPage.h; path = "../../../../../generated-src/objc/LGPage.h"; sourceTree = "<group>"; };
		B5E1540020E5EB540025A759 /* LGPage+Private.h */ = {isa = PBXFileReference; fileEncoding = 4; lastKnownFileType = sourcecode.c.h; name = "LGPage+Private.h"; path = "../../../../../generated-src/objc/LGPage+Private.h"; sourceTree = "<group>"; };
		B5E1540120E5EB540025A759 /* LGLegoCore+Private.h */ = {isa = PBXFileReference; fileEncoding = 4; lastKnownFileType = sourcecode.c.h; name = "LGLegoCore+Private.h"; path = "../../../../../generated-src/objc/LGLegoCore+Private.h"; sourceTree = "<group>"; };
		B5E1540220E5EB540025A759 /* LGPage.mm */ = {isa = PBXFileReference; fileEncoding = 4; lastKnownFileType = sourcecode.cpp.objcpp; name = LGPage.mm; path = "../../../../../generated-src/objc/LGPage.mm"; sourceTree = "<group>"; };
		B5E1540320E5EB540025A759 /* LGQuestion.mm */ = {isa = PBXFileReference; fileEncoding = 4; lastKnownFileType = sourcecode.cpp.objcpp; name = LGQuestion.mm; path = "../../../../../generated-src/objc/LGQuestion.mm"; sourceTree = "<group>"; };
		B5E1540420E5EB540025A759 /* LGTemplate.h */ = {isa = PBXFileReference; fileEncoding = 4; lastKnownFileType = sourcecode.c.h; name = LGTemplate.h; path = "../../../../../generated-src/objc/LGTemplate.h"; sourceTree = "<group>"; };
		B5E1540520E5EB540025A759 /* LGLegoPlatform+Private.h */ = {isa = PBXFileReference; fileEncoding = 4; lastKnownFileType = sourcecode.c.h; name = "LGLegoPlatform+Private.h"; path = "../../../../../generated-src/objc/LGLegoPlatform+Private.h"; sourceTree = "<group>"; };
		B5E1540620E5EB540025A759 /* LGQuestion.h */ = {isa = PBXFileReference; fileEncoding = 4; lastKnownFileType = sourcecode.c.h; name = LGQuestion.h; path = "../../../../../generated-src/objc/LGQuestion.h"; sourceTree = "<group>"; };
		B5E1540720E5EB540025A759 /* LGLegoCore+Private.mm */ = {isa = PBXFileReference; fileEncoding = 4; lastKnownFileType = sourcecode.cpp.objcpp; name = "LGLegoCore+Private.mm"; path = "../../../../../generated-src/objc/LGLegoCore+Private.mm"; sourceTree = "<group>"; };
		B5E1540820E5EB540025A759 /* LGTemplate+Private.h */ = {isa = PBXFileReference; fileEncoding = 4; lastKnownFileType = sourcecode.c.h; name = "LGTemplate+Private.h"; path = "../../../../../generated-src/objc/LGTemplate+Private.h"; sourceTree = "<group>"; };
		B5E1540920E5EB540025A759 /* LGTemplate+Private.mm */ = {isa = PBXFileReference; fileEncoding = 4; lastKnownFileType = sourcecode.cpp.objcpp; name = "LGTemplate+Private.mm"; path = "../../../../../generated-src/objc/LGTemplate+Private.mm"; sourceTree = "<group>"; };
		B5E1540A20E5EB540025A759 /* LGLegoCore.h */ = {isa = PBXFileReference; fileEncoding = 4; lastKnownFileType = sourcecode.c.h; name = LGLegoCore.h; path = "../../../../../generated-src/objc/LGLegoCore.h"; sourceTree = "<group>"; };
		B5E1540B20E5EB550025A759 /* LGPage+Private.mm */ = {isa = PBXFileReference; fileEncoding = 4; lastKnownFileType = sourcecode.cpp.objcpp; name = "LGPage+Private.mm"; path = "../../../../../generated-src/objc/LGPage+Private.mm"; sourceTree = "<group>"; };
		B5E1540C20E5EB550025A759 /* LGTemplate.mm */ = {isa = PBXFileReference; fileEncoding = 4; lastKnownFileType = sourcecode.cpp.objcpp; name = LGTemplate.mm; path = "../../../../../generated-src/objc/LGTemplate.mm"; sourceTree = "<group>"; };
		B5E1540D20E5EB550025A759 /* LGNetworkCallback.h */ = {isa = PBXFileReference; fileEncoding = 4; lastKnownFileType = sourcecode.c.h; name = LGNetworkCallback.h; path = "../../../../../generated-src/objc/LGNetworkCallback.h"; sourceTree = "<group>"; };
		B5E1540E20E5EB550025A759 /* LGNetworkCallback+Private.mm */ = {isa = PBXFileReference; fileEncoding = 4; lastKnownFileType = sourcecode.cpp.objcpp; name = "LGNetworkCallback+Private.mm"; path = "../../../../../generated-src/objc/LGNetworkCallback+Private.mm"; sourceTree = "<group>"; };
		B5E1540F20E5EB550025A759 /* LGQuestion+Private.mm */ = {isa = PBXFileReference; fileEncoding = 4; lastKnownFileType = sourcecode.cpp.objcpp; name = "LGQuestion+Private.mm"; path = "../../../../../generated-src/objc/LGQuestion+Private.mm"; sourceTree = "<group>"; };
		B5E1541020E5EB550025A759 /* LGLegoPlatform.h */ = {isa = PBXFileReference; fileEncoding = 4; lastKnownFileType = sourcecode.c.h; name = LGLegoPlatform.h; path = "../../../../../generated-src/objc/LGLegoPlatform.h"; sourceTree = "<group>"; };
		B5E1542F20E5EF470025A759 /* LGLegoPlatformImpl.h */ = {isa = PBXFileReference; lastKnownFileType = sourcecode.c.h; path = LGLegoPlatformImpl.h; sourceTree = "<group>"; };
		B5E1543020E5EF470025A759 /* LGLegoPlatformImpl.m */ = {isa = PBXFileReference; lastKnownFileType = sourcecode.c.objc; path = LGLegoPlatformImpl.m; sourceTree = "<group>"; };
		B5F532AE20EDE47200AB6B53 /* lego.pb.cc */ = {isa = PBXFileReference; fileEncoding = 4; lastKnownFileType = sourcecode.cpp.cpp; path = lego.pb.cc; sourceTree = "<group>"; };
		B5F532AF20EDE47200AB6B53 /* lego.grpc.pb.cc */ = {isa = PBXFileReference; fileEncoding = 4; lastKnownFileType = sourcecode.cpp.cpp; path = lego.grpc.pb.cc; sourceTree = "<group>"; };
		B5F532B020EDE47200AB6B53 /* lego.grpc.pb.h */ = {isa = PBXFileReference; fileEncoding = 4; lastKnownFileType = sourcecode.c.h; path = lego.grpc.pb.h; sourceTree = "<group>"; };
		B5F532B120EDE47200AB6B53 /* lego.pb.h */ = {isa = PBXFileReference; fileEncoding = 4; lastKnownFileType = sourcecode.c.h; path = lego.pb.h; sourceTree = "<group>"; };
/* End PBXFileReference section */

/* Begin PBXFrameworksBuildPhase section */
		B5E153D520E5E83B0025A759 /* Frameworks */ = {
			isa = PBXFrameworksBuildPhase;
			buildActionMask = 2147483647;
			files = (
				D434C176FD454F7A69EC1B78 /* libPods-lego.a in Frameworks */,
			);
			runOnlyForDeploymentPostprocessing = 0;
		};
/* End PBXFrameworksBuildPhase section */

/* Begin PBXGroup section */
		10030BA2743471B44C855935 /* Pods */ = {
			isa = PBXGroup;
			children = (
				B11EB63DFF84CE9BF09B034A /* Pods-lego.debug.xcconfig */,
				0BB43923ACF91B12C5D6AE99 /* Pods-lego.release.xcconfig */,
			);
			name = Pods;
			sourceTree = "<group>";
		};
		B54B8B0920E9A0F800B06735 /* FlatBuffers */ = {
			isa = PBXGroup;
			children = (
				B54B8B1A20E9B8B200B06735 /* util.cpp */,
				B54B8B0C20E9A1C500B06735 /* idl.h */,
				B54B8B0B20E9A1C400B06735 /* util.h */,
				B54B8B0A20E9A18000B06735 /* flatbuffers.h */,
			);
			path = FlatBuffers;
			sourceTree = "<group>";
		};
		B5E153CF20E5E83A0025A759 = {
			isa = PBXGroup;
			children = (
				B5E1541A20E5EB9A0025A759 /* Core */,
				B5E153F120E5EAA90025A759 /* Dependencies */,
				B5E153DA20E5E83B0025A759 /* lego */,
				B5E153D920E5E83B0025A759 /* Products */,
				10030BA2743471B44C855935 /* Pods */,
				C048C21C07291745096BEC5A /* Frameworks */,
			);
			sourceTree = "<group>";
		};
		B5E153D920E5E83B0025A759 /* Products */ = {
			isa = PBXGroup;
			children = (
				B5E153D820E5E83B0025A759 /* lego.app */,
			);
			name = Products;
			sourceTree = "<group>";
		};
		B5E153DA20E5E83B0025A759 /* lego */ = {
			isa = PBXGroup;
			children = (
				B5E153DB20E5E83B0025A759 /* AppDelegate.h */,
				B5E153DC20E5E83B0025A759 /* AppDelegate.m */,
				B5E153DE20E5E83B0025A759 /* ViewController.h */,
				B5E153DF20E5E83B0025A759 /* ViewController.m */,
				B5E153E120E5E83B0025A759 /* Main.storyboard */,
				B5E153E420E5E83D0025A759 /* Assets.xcassets */,
				B5E153E620E5E83D0025A759 /* LaunchScreen.storyboard */,
				B5E153E920E5E83D0025A759 /* Info.plist */,
				B5E153EA20E5E83D0025A759 /* main.mm */,
			);
			path = lego;
			sourceTree = "<group>";
		};
		B5E153F120E5EAA90025A759 /* Dependencies */ = {
			isa = PBXGroup;
			children = (
				B54B8B0920E9A0F800B06735 /* FlatBuffers */,
				B5E1543220E5F19B0025A759 /* GRPC */,
				B5E153F320E5EAE10025A759 /* Bridge */,
				B5E153F220E5EAD90025A759 /* Djinni */,
			);
			path = Dependencies;
			sourceTree = "<group>";
		};
		B5E153F220E5EAD90025A759 /* Djinni */ = {
			isa = PBXGroup;
			children = (
				B5E153F820E5EB220025A759 /* DJICppWrapperCache+Private.h */,
				B5E153F920E5EB230025A759 /* DJIError.h */,
				B5E153F620E5EB220025A759 /* DJIError.mm */,
				B5E153F420E5EB220025A759 /* DJIMarshal+Private.h */,
				B5E153F720E5EB220025A759 /* DJIObjcWrapperCache+Private.h */,
				B5E153F520E5EB220025A759 /* DJIProxyCaches.mm */,
			);
			path = Djinni;
			sourceTree = "<group>";
		};
		B5E153F320E5EAE10025A759 /* Bridge */ = {
			isa = PBXGroup;
			children = (
				B5E1540A20E5EB540025A759 /* LGLegoCore.h */,
				B5E1540120E5EB540025A759 /* LGLegoCore+Private.h */,
				B5E1540720E5EB540025A759 /* LGLegoCore+Private.mm */,
				B5E1541020E5EB550025A759 /* LGLegoPlatform.h */,
				B5E1540520E5EB540025A759 /* LGLegoPlatform+Private.h */,
				B5E153FE20E5EB540025A759 /* LGLegoPlatform+Private.mm */,
				B5E1540D20E5EB550025A759 /* LGNetworkCallback.h */,
				B5E153FD20E5EB540025A759 /* LGNetworkCallback+Private.h */,
				B5E1540E20E5EB550025A759 /* LGNetworkCallback+Private.mm */,
				B5E153FF20E5EB540025A759 /* LGPage.h */,
				B5E1540220E5EB540025A759 /* LGPage.mm */,
				B5E1540020E5EB540025A759 /* LGPage+Private.h */,
				B5E1540B20E5EB550025A759 /* LGPage+Private.mm */,
				B5E1540620E5EB540025A759 /* LGQuestion.h */,
				B5E1540320E5EB540025A759 /* LGQuestion.mm */,
				B5E153FC20E5EB540025A759 /* LGQuestion+Private.h */,
				B5E1540F20E5EB550025A759 /* LGQuestion+Private.mm */,
				B5E1540420E5EB540025A759 /* LGTemplate.h */,
				B5E1540C20E5EB550025A759 /* LGTemplate.mm */,
				B5E1540820E5EB540025A759 /* LGTemplate+Private.h */,
				B5E1540920E5EB540025A759 /* LGTemplate+Private.mm */,
			);
			path = Bridge;
			sourceTree = "<group>";
		};
		B5E1541A20E5EB9A0025A759 /* Core */ = {
			isa = PBXGroup;
			children = (
				B5E1542E20E5EEFE0025A759 /* Platform */,
				B5E1542D20E5EEEE0025A759 /* Shared */,
			);
			path = Core;
			sourceTree = "<group>";
		};
		B5E1542C20E5ED460025A759 /* Includes */ = {
			isa = PBXGroup;
			children = (
				B54B8B1920E9A66300B06735 /* lego_generated.h */,
				B54B8B1720E9A50900B06735 /* lego_core.hpp */,
				B54B8B1420E9A50900B06735 /* lego_platform.hpp */,
				B54B8B1620E9A50900B06735 /* network_callback.hpp */,
				B54B8B1820E9A50900B06735 /* page.hpp */,
				B54B8B1520E9A50900B06735 /* question.hpp */,
				B54B8B1320E9A50900B06735 /* template.hpp */,
			);
			path = Includes;
			sourceTree = "<group>";
		};
		B5E1542D20E5EEEE0025A759 /* Shared */ = {
			isa = PBXGroup;
			children = (
				B54B8B0F20E9A4D900B06735 /* lego_core_impl.cpp */,
				B54B8B0E20E9A4D800B06735 /* lego_core_impl.hpp */,
				B54B8B1020E9A4D900B06735 /* network_callback_impl.cpp */,
				B54B8B0D20E9A4D800B06735 /* network_callback_impl.hpp */,
				B5E1542C20E5ED460025A759 /* Includes */,
			);
			path = Shared;
			sourceTree = "<group>";
		};
		B5E1542E20E5EEFE0025A759 /* Platform */ = {
			isa = PBXGroup;
			children = (
				B5E1542F20E5EF470025A759 /* LGLegoPlatformImpl.h */,
				B5E1543020E5EF470025A759 /* LGLegoPlatformImpl.m */,
			);
			path = Platform;
			sourceTree = "<group>";
		};
		B5E1543220E5F19B0025A759 /* GRPC */ = {
			isa = PBXGroup;
			children = (
				B5F532AF20EDE47200AB6B53 /* lego.grpc.pb.cc */,
				B5F532B020EDE47200AB6B53 /* lego.grpc.pb.h */,
				B5F532AE20EDE47200AB6B53 /* lego.pb.cc */,
				B5F532B120EDE47200AB6B53 /* lego.pb.h */,
			);
			path = GRPC;
			sourceTree = "<group>";
		};
		C048C21C07291745096BEC5A /* Frameworks */ = {
			isa = PBXGroup;
			children = (
				717290BF3DBAAD3B8A500E5D /* libPods-lego.a */,
			);
			name = Frameworks;
			sourceTree = "<group>";
		};
/* End PBXGroup section */

/* Begin PBXNativeTarget section */
		B5E153D720E5E83B0025A759 /* lego */ = {
			isa = PBXNativeTarget;
			buildConfigurationList = B5E153EE20E5E83D0025A759 /* Build configuration list for PBXNativeTarget "lego" */;
			buildPhases = (
				3C6142F25CDBD766468A5A5C /* [CP] Check Pods Manifest.lock */,
				B5E153D420E5E83B0025A759 /* Sources */,
				B5E153D520E5E83B0025A759 /* Frameworks */,
				B5E153D620E5E83B0025A759 /* Resources */,
			);
			buildRules = (
			);
			dependencies = (
			);
			name = lego;
			productName = lego;
			productReference = B5E153D820E5E83B0025A759 /* lego.app */;
			productType = "com.apple.product-type.application";
		};
/* End PBXNativeTarget section */

/* Begin PBXProject section */
		B5E153D020E5E83A0025A759 /* Project object */ = {
			isa = PBXProject;
			attributes = {
				LastUpgradeCheck = 0940;
				ORGANIZATIONNAME = "Yuzhou Zhu";
				TargetAttributes = {
					B5E153D720E5E83B0025A759 = {
						CreatedOnToolsVersion = 9.4.1;
					};
				};
			};
			buildConfigurationList = B5E153D320E5E83A0025A759 /* Build configuration list for PBXProject "lego" */;
			compatibilityVersion = "Xcode 9.3";
			developmentRegion = en;
			hasScannedForEncodings = 0;
			knownRegions = (
				en,
				Base,
			);
			mainGroup = B5E153CF20E5E83A0025A759;
			productRefGroup = B5E153D920E5E83B0025A759 /* Products */;
			projectDirPath = "";
			projectRoot = "";
			targets = (
				B5E153D720E5E83B0025A759 /* lego */,
			);
		};
/* End PBXProject section */

/* Begin PBXResourcesBuildPhase section */
		B5E153D620E5E83B0025A759 /* Resources */ = {
			isa = PBXResourcesBuildPhase;
			buildActionMask = 2147483647;
			files = (
				B5E153E820E5E83D0025A759 /* LaunchScreen.storyboard in Resources */,
				B5E153E520E5E83D0025A759 /* Assets.xcassets in Resources */,
				B5E153E320E5E83B0025A759 /* Main.storyboard in Resources */,
			);
			runOnlyForDeploymentPostprocessing = 0;
		};
/* End PBXResourcesBuildPhase section */

/* Begin PBXShellScriptBuildPhase section */
		3C6142F25CDBD766468A5A5C /* [CP] Check Pods Manifest.lock */ = {
			isa = PBXShellScriptBuildPhase;
			buildActionMask = 2147483647;
			files = (
			);
			inputPaths = (
				"${PODS_PODFILE_DIR_PATH}/Podfile.lock",
				"${PODS_ROOT}/Manifest.lock",
			);
			name = "[CP] Check Pods Manifest.lock";
			outputPaths = (
				"$(DERIVED_FILE_DIR)/Pods-lego-checkManifestLockResult.txt",
			);
			runOnlyForDeploymentPostprocessing = 0;
			shellPath = /bin/sh;
			shellScript = "diff \"${PODS_PODFILE_DIR_PATH}/Podfile.lock\" \"${PODS_ROOT}/Manifest.lock\" > /dev/null\nif [ $? != 0 ] ; then\n    # print error to STDERR\n    echo \"error: The sandbox is not in sync with the Podfile.lock. Run 'pod install' or update your CocoaPods installation.\" >&2\n    exit 1\nfi\n# This output is used by Xcode 'outputs' to avoid re-running this script phase.\necho \"SUCCESS\" > \"${SCRIPT_OUTPUT_FILE_0}\"\n";
			showEnvVarsInLog = 0;
		};
/* End PBXShellScriptBuildPhase section */

/* Begin PBXSourcesBuildPhase section */
		B5E153D420E5E83B0025A759 /* Sources */ = {
			isa = PBXSourcesBuildPhase;
			buildActionMask = 2147483647;
			files = (
				B5F532B320EDE47200AB6B53 /* lego.grpc.pb.cc in Sources */,
				B5E1541820E5EB550025A759 /* LGNetworkCallback+Private.mm in Sources */,
				B5E1541320E5EB550025A759 /* LGQuestion.mm in Sources */,
				B5E1541120E5EB550025A759 /* LGLegoPlatform+Private.mm in Sources */,
				B54B8B1120E9A4D900B06735 /* lego_core_impl.cpp in Sources */,
				B5F532B220EDE47200AB6B53 /* lego.pb.cc in Sources */,
				B5E1543120E5EF470025A759 /* LGLegoPlatformImpl.m in Sources */,
				B54B8B1B20E9B8B200B06735 /* util.cpp in Sources */,
				B54B8B1220E9A4D900B06735 /* network_callback_impl.cpp in Sources */,
				B5E153E020E5E83B0025A759 /* ViewController.m in Sources */,
				B5E153FB20E5EB230025A759 /* DJIError.mm in Sources */,
				B5E153FA20E5EB230025A759 /* DJIProxyCaches.mm in Sources */,
				B5E1541920E5EB550025A759 /* LGQuestion+Private.mm in Sources */,
				B5E1541420E5EB550025A759 /* LGLegoCore+Private.mm in Sources */,
				B5E1541220E5EB550025A759 /* LGPage.mm in Sources */,
				B5E153EB20E5E83D0025A759 /* main.mm in Sources */,
				B5E1541720E5EB550025A759 /* LGTemplate.mm in Sources */,
				B5E1541620E5EB550025A759 /* LGPage+Private.mm in Sources */,
				B5E1541520E5EB550025A759 /* LGTemplate+Private.mm in Sources */,
				B5E153DD20E5E83B0025A759 /* AppDelegate.m in Sources */,
			);
			runOnlyForDeploymentPostprocessing = 0;
		};
/* End PBXSourcesBuildPhase section */

/* Begin PBXVariantGroup section */
		B5E153E120E5E83B0025A759 /* Main.storyboard */ = {
			isa = PBXVariantGroup;
			children = (
				B5E153E220E5E83B0025A759 /* Base */,
			);
			name = Main.storyboard;
			sourceTree = "<group>";
		};
		B5E153E620E5E83D0025A759 /* LaunchScreen.storyboard */ = {
			isa = PBXVariantGroup;
			children = (
				B5E153E720E5E83D0025A759 /* Base */,
			);
			name = LaunchScreen.storyboard;
			sourceTree = "<group>";
		};
/* End PBXVariantGroup section */

/* Begin XCBuildConfiguration section */
		B5E153EC20E5E83D0025A759 /* Debug */ = {
			isa = XCBuildConfiguration;
			buildSettings = {
				ALWAYS_SEARCH_USER_PATHS = NO;
				CLANG_ANALYZER_NONNULL = YES;
				CLANG_ANALYZER_NUMBER_OBJECT_CONVERSION = YES_AGGRESSIVE;
				CLANG_CXX_LANGUAGE_STANDARD = "gnu++14";
				CLANG_CXX_LIBRARY = "libc++";
				CLANG_ENABLE_MODULES = YES;
				CLANG_ENABLE_OBJC_ARC = YES;
				CLANG_ENABLE_OBJC_WEAK = YES;
				CLANG_WARN_BLOCK_CAPTURE_AUTORELEASING = YES;
				CLANG_WARN_BOOL_CONVERSION = YES;
				CLANG_WARN_COMMA = YES;
				CLANG_WARN_CONSTANT_CONVERSION = YES;
				CLANG_WARN_DEPRECATED_OBJC_IMPLEMENTATIONS = YES;
				CLANG_WARN_DIRECT_OBJC_ISA_USAGE = YES_ERROR;
				CLANG_WARN_DOCUMENTATION_COMMENTS = YES;
				CLANG_WARN_EMPTY_BODY = YES;
				CLANG_WARN_ENUM_CONVERSION = YES;
				CLANG_WARN_INFINITE_RECURSION = YES;
				CLANG_WARN_INT_CONVERSION = YES;
				CLANG_WARN_NON_LITERAL_NULL_CONVERSION = YES;
				CLANG_WARN_OBJC_IMPLICIT_RETAIN_SELF = YES;
				CLANG_WARN_OBJC_LITERAL_CONVERSION = YES;
				CLANG_WARN_OBJC_ROOT_CLASS = YES_ERROR;
				CLANG_WARN_RANGE_LOOP_ANALYSIS = YES;
				CLANG_WARN_STRICT_PROTOTYPES = YES;
				CLANG_WARN_SUSPICIOUS_MOVE = YES;
				CLANG_WARN_UNGUARDED_AVAILABILITY = YES_AGGRESSIVE;
				CLANG_WARN_UNREACHABLE_CODE = YES;
				CLANG_WARN__DUPLICATE_METHOD_MATCH = YES;
				CODE_SIGN_IDENTITY = "iPhone Developer";
				COPY_PHASE_STRIP = NO;
				DEBUG_INFORMATION_FORMAT = dwarf;
				ENABLE_STRICT_OBJC_MSGSEND = YES;
				ENABLE_TESTABILITY = YES;
				GCC_C_LANGUAGE_STANDARD = gnu11;
				GCC_DYNAMIC_NO_PIC = NO;
				GCC_NO_COMMON_BLOCKS = YES;
				GCC_OPTIMIZATION_LEVEL = 0;
				GCC_PREPROCESSOR_DEFINITIONS = (
					"DEBUG=1",
					"$(inherited)",
				);
				GCC_WARN_64_TO_32_BIT_CONVERSION = YES;
				GCC_WARN_ABOUT_RETURN_TYPE = YES_ERROR;
				GCC_WARN_UNDECLARED_SELECTOR = YES;
				GCC_WARN_UNINITIALIZED_AUTOS = YES_AGGRESSIVE;
				GCC_WARN_UNUSED_FUNCTION = YES;
				GCC_WARN_UNUSED_VARIABLE = YES;
				IPHONEOS_DEPLOYMENT_TARGET = 11.4;
				MTL_ENABLE_DEBUG_INFO = YES;
				ONLY_ACTIVE_ARCH = YES;
				SDKROOT = iphoneos;
			};
			name = Debug;
		};
		B5E153ED20E5E83D0025A759 /* Release */ = {
			isa = XCBuildConfiguration;
			buildSettings = {
				ALWAYS_SEARCH_USER_PATHS = NO;
				CLANG_ANALYZER_NONNULL = YES;
				CLANG_ANALYZER_NUMBER_OBJECT_CONVERSION = YES_AGGRESSIVE;
				CLANG_CXX_LANGUAGE_STANDARD = "gnu++14";
				CLANG_CXX_LIBRARY = "libc++";
				CLANG_ENABLE_MODULES = YES;
				CLANG_ENABLE_OBJC_ARC = YES;
				CLANG_ENABLE_OBJC_WEAK = YES;
				CLANG_WARN_BLOCK_CAPTURE_AUTORELEASING = YES;
				CLANG_WARN_BOOL_CONVERSION = YES;
				CLANG_WARN_COMMA = YES;
				CLANG_WARN_CONSTANT_CONVERSION = YES;
				CLANG_WARN_DEPRECATED_OBJC_IMPLEMENTATIONS = YES;
				CLANG_WARN_DIRECT_OBJC_ISA_USAGE = YES_ERROR;
				CLANG_WARN_DOCUMENTATION_COMMENTS = YES;
				CLANG_WARN_EMPTY_BODY = YES;
				CLANG_WARN_ENUM_CONVERSION = YES;
				CLANG_WARN_INFINITE_RECURSION = YES;
				CLANG_WARN_INT_CONVERSION = YES;
				CLANG_WARN_NON_LITERAL_NULL_CONVERSION = YES;
				CLANG_WARN_OBJC_IMPLICIT_RETAIN_SELF = YES;
				CLANG_WARN_OBJC_LITERAL_CONVERSION = YES;
				CLANG_WARN_OBJC_ROOT_CLASS = YES_ERROR;
				CLANG_WARN_RANGE_LOOP_ANALYSIS = YES;
				CLANG_WARN_STRICT_PROTOTYPES = YES;
				CLANG_WARN_SUSPICIOUS_MOVE = YES;
				CLANG_WARN_UNGUARDED_AVAILABILITY = YES_AGGRESSIVE;
				CLANG_WARN_UNREACHABLE_CODE = YES;
				CLANG_WARN__DUPLICATE_METHOD_MATCH = YES;
				CODE_SIGN_IDENTITY = "iPhone Developer";
				COPY_PHASE_STRIP = NO;
				DEBUG_INFORMATION_FORMAT = "dwarf-with-dsym";
				ENABLE_NS_ASSERTIONS = NO;
				ENABLE_STRICT_OBJC_MSGSEND = YES;
				GCC_C_LANGUAGE_STANDARD = gnu11;
				GCC_NO_COMMON_BLOCKS = YES;
				GCC_WARN_64_TO_32_BIT_CONVERSION = YES;
				GCC_WARN_ABOUT_RETURN_TYPE = YES_ERROR;
				GCC_WARN_UNDECLARED_SELECTOR = YES;
				GCC_WARN_UNINITIALIZED_AUTOS = YES_AGGRESSIVE;
				GCC_WARN_UNUSED_FUNCTION = YES;
				GCC_WARN_UNUSED_VARIABLE = YES;
				IPHONEOS_DEPLOYMENT_TARGET = 11.4;
				MTL_ENABLE_DEBUG_INFO = NO;
				SDKROOT = iphoneos;
				VALIDATE_PRODUCT = YES;
			};
			name = Release;
		};
		B5E153EF20E5E83D0025A759 /* Debug */ = {
			isa = XCBuildConfiguration;
			baseConfigurationReference = B11EB63DFF84CE9BF09B034A /* Pods-lego.debug.xcconfig */;
			buildSettings = {
				ASSETCATALOG_COMPILER_APPICON_NAME = AppIcon;
				CODE_SIGN_STYLE = Automatic;
				HEADER_SEARCH_PATHS = (
					"$(inherited)",
					"\"${PODS_ROOT}/Headers/Public\"",
					"\"${PODS_ROOT}/Headers/Public/BoringSSL\"",
					"\"${PODS_ROOT}/Headers/Public/Protobuf\"",
					"\"${PODS_ROOT}/Headers/Public/gRPC\"",
					"\"${PODS_ROOT}/Headers/Public/gRPC-Core\"",
					"\"${PODS_ROOT}/Headers/Public/gRPC-ProtoRPC\"",
					"\"${PODS_ROOT}/Headers/Public/gRPC-RxLibrary\"",
					"\"${PODS_ROOT}/Headers/Public/nanopb\"",
					"${SRCROOT}/../../../deps/flatbuffers/include",
				);
				INFOPLIST_FILE = lego/Info.plist;
				LD_RUNPATH_SEARCH_PATHS = (
					"$(inherited)",
					"@executable_path/Frameworks",
				);
				PRODUCT_BUNDLE_IDENTIFIER = com.cmsight.lego;
				PRODUCT_NAME = "$(TARGET_NAME)";
				TARGETED_DEVICE_FAMILY = "1,2";
			};
			name = Debug;
		};
		B5E153F020E5E83D0025A759 /* Release */ = {
			isa = XCBuildConfiguration;
			baseConfigurationReference = 0BB43923ACF91B12C5D6AE99 /* Pods-lego.release.xcconfig */;
			buildSettings = {
				ASSETCATALOG_COMPILER_APPICON_NAME = AppIcon;
				CODE_SIGN_STYLE = Automatic;
				HEADER_SEARCH_PATHS = (
					"$(inherited)",
					"\"${PODS_ROOT}/Headers/Public\"",
					"\"${PODS_ROOT}/Headers/Public/BoringSSL\"",
					"\"${PODS_ROOT}/Headers/Public/Protobuf\"",
					"\"${PODS_ROOT}/Headers/Public/gRPC\"",
					"\"${PODS_ROOT}/Headers/Public/gRPC-Core\"",
					"\"${PODS_ROOT}/Headers/Public/gRPC-ProtoRPC\"",
					"\"${PODS_ROOT}/Headers/Public/gRPC-RxLibrary\"",
					"\"${PODS_ROOT}/Headers/Public/nanopb\"",
					"${SRCROOT}/../../../deps/flatbuffers/include",
				);
				INFOPLIST_FILE = lego/Info.plist;
				LD_RUNPATH_SEARCH_PATHS = (
					"$(inherited)",
					"@executable_path/Frameworks",
				);
				PRODUCT_BUNDLE_IDENTIFIER = com.cmsight.lego;
				PRODUCT_NAME = "$(TARGET_NAME)";
				TARGETED_DEVICE_FAMILY = "1,2";
			};
			name = Release;
		};
/* End XCBuildConfiguration section */

/* Begin XCConfigurationList section */
		B5E153D320E5E83A0025A759 /* Build configuration list for PBXProject "lego" */ = {
			isa = XCConfigurationList;
			buildConfigurations = (
				B5E153EC20E5E83D0025A759 /* Debug */,
				B5E153ED20E5E83D0025A759 /* Release */,
			);
			defaultConfigurationIsVisible = 0;
			defaultConfigurationName = Release;
		};
		B5E153EE20E5E83D0025A759 /* Build configuration list for PBXNativeTarget "lego" */ = {
			isa = XCConfigurationList;
			buildConfigurations = (
				B5E153EF20E5E83D0025A759 /* Debug */,
				B5E153F020E5E83D0025A759 /* Release */,
			);
			defaultConfigurationIsVisible = 0;
			defaultConfigurationName = Release;
		};
/* End XCConfigurationList section */
	};
	rootObject = B5E153D020E5E83A0025A759 /* Project object */;
}
